
Microsoft Visual Studio Solution File, Format Version 12.00
# Visual Studio 15
VisualStudioVersion = 15.0.27130.2003
MinimumVisualStudioVersion = 10.0.40219.1
Project("{FAE04EC0-301F-11D3-BF4B-00C04F79EFBC}") = "StrategyPattern", "StrategyPattern\StrategyPattern.csproj", "{ABA33D14-0E4F-4630-9435-C208160EA4E6}"
EndProject
Global
	GlobalSection(SolutionConfigurationPlatforms) = preSolution
		Debug|Any CPU = Debug|Any CPU
		Release|Any CPU = Release|Any CPU
	EndGlobalSection
	GlobalSection(ProjectConfigurationPlatforms) = postSolution
		{ABA33D14-0E4F-4630-9435-C208160EA4E6}.Debug|Any CPU.ActiveCfg = Debug|Any CPU
		{ABA33D14-0E4F-4630-9435-C208160EA4E6}.Debug|Any CPU.Build.0 = Debug|Any CPU
		{ABA33D14-0E4F-4630-9435-C208160EA4E6}.Release|Any CPU.ActiveCfg = Release|Any CPU
		{ABA33D14-0E4F-4630-9435-C208160EA4E6}.Release|Any CPU.Build.0 = Release|Any CPU
	EndGlobalSection
	GlobalSection(SolutionProperties) = preSolution
		HideSolutionNode = FALSE
	EndGlobalSection
	GlobalSection(ExtensibilityGlobals) = postSolution
		SolutionGuid = {C974D8EE-BA1A-4C3D-876C-58C57A9D4235}
	EndGlobalSection
EndGlobal
